
Microsoft Visual Studio Solution File, Format Version 12.00
# Visual Studio 15
VisualStudioVersion = 15.0.27703.2018
MinimumVisualStudioVersion = 10.0.40219.1
Project("{FAE04EC0-301F-11D3-BF4B-00C04F79EFBC}") = "CapaPresentacion", "CapaPresentacion\CapaPresentacion.csproj", "{7BBD95DF-9BD9-4131-B572-8ABC4F841D8F}"
EndProject
Project("{FAE04EC0-301F-11D3-BF4B-00C04F79EFBC}") = "CapaNegocio", "CapaNegocio\CapaNegocio.csproj", "{9FCA3193-C887-45F4-AAF0-ED422711A9A7}"
EndProject
Project("{FAE04EC0-301F-11D3-BF4B-00C04F79EFBC}") = "CapaDatos", "CapaDatos\CapaDatos.csproj", "{854F1753-5F92-4BB4-B424-64EF3A945946}"
EndProject
Global
	GlobalSection(SolutionConfigurationPlatforms) = preSolution
		Debug|Any CPU = Debug|Any CPU
		Release|Any CPU = Release|Any CPU
	EndGlobalSection
	GlobalSection(ProjectConfigurationPlatforms) = postSolution
		{7BBD95DF-9BD9-4131-B572-8ABC4F841D8F}.Debug|Any CPU.ActiveCfg = Debug|Any CPU
		{7BBD95DF-9BD9-4131-B572-8ABC4F841D8F}.Debug|Any CPU.Build.0 = Debug|Any CPU
		{7BBD95DF-9BD9-4131-B572-8ABC4F841D8F}.Release|Any CPU.ActiveCfg = Release|Any CPU
		{7BBD95DF-9BD9-4131-B572-8ABC4F841D8F}.Release|Any CPU.Build.0 = Release|Any CPU
		{9FCA3193-C887-45F4-AAF0-ED422711A9A7}.Debug|Any CPU.ActiveCfg = Debug|Any CPU
		{9FCA3193-C887-45F4-AAF0-ED422711A9A7}.Debug|Any CPU.Build.0 = Debug|Any CPU
		{9FCA3193-C887-45F4-AAF0-ED422711A9A7}.Release|Any CPU.ActiveCfg = Release|Any CPU
		{9FCA3193-C887-45F4-AAF0-ED422711A9A7}.Release|Any CPU.Build.0 = Release|Any CPU
		{854F1753-5F92-4BB4-B424-64EF3A945946}.Debug|Any CPU.ActiveCfg = Debug|Any CPU
		{854F1753-5F92-4BB4-B424-64EF3A945946}.Debug|Any CPU.Build.0 = Debug|Any CPU
		{854F1753-5F92-4BB4-B424-64EF3A945946}.Release|Any CPU.ActiveCfg = Release|Any CPU
		{854F1753-5F92-4BB4-B424-64EF3A945946}.Release|Any CPU.Build.0 = Release|Any CPU
	EndGlobalSection
	GlobalSection(SolutionProperties) = preSolution
		HideSolutionNode = FALSE
	EndGlobalSection
	GlobalSection(ExtensibilityGlobals) = postSolution
		SolutionGuid = {B747F5C7-5A2D-474C-9716-E0058FD661A5}
	EndGlobalSection
EndGlobal
